{
  "name": "wasm",
  "version": "1.0.0",
  "lockfileVersion": 3,
  "requires": true,
  "packages": {
    "": {
      "name": "wasm",
      "version": "1.0.0",
      "license": "ISC",
      "dependencies": {
        "@bjorn3/browser_wasi_shim": "^0.2.8"
      }
    },
    "node_modules/@bjorn3/browser_wasi_shim": {
      "version": "0.2.8",
      "resolved": "https://registry.npmjs.org/@bjorn3/browser_wasi_shim/-/browser_wasi_shim-0.2.8.tgz",
      "integrity": "sha512-omPjmPH2Yk/VM7739/BYtaU9JKuzHlmr6GwyGreaefIbhDgwJxO+NjjBZaEZ8/GjtC8dZXshJGfghJ/ZOPEuqg=="
    }
  }
}
